
Microsoft Visual Studio Solution File, Format Version 12.00
# Visual Studio Version 17
VisualStudioVersion = 17.5.33414.496
MinimumVisualStudioVersion = 10.0.40219.1
Project("{FAE04EC0-301F-11D3-BF4B-00C04F79EFBC}") = "Ruleta", "Ruleta.csproj", "{894FE6BA-51C8-4DA6-8AA4-7433CA4F70F2}"
EndProject
Global
	GlobalSection(SolutionConfigurationPlatforms) = preSolution
		Debug|Any CPU = Debug|Any CPU
		Release|Any CPU = Release|Any CPU
	EndGlobalSection
	GlobalSection(ProjectConfigurationPlatforms) = postSolution
		{894FE6BA-51C8-4DA6-8AA4-7433CA4F70F2}.Debug|Any CPU.ActiveCfg = Debug|Any CPU
		{894FE6BA-51C8-4DA6-8AA4-7433CA4F70F2}.Debug|Any CPU.Build.0 = Debug|Any CPU
		{894FE6BA-51C8-4DA6-8AA4-7433CA4F70F2}.Release|Any CPU.ActiveCfg = Release|Any CPU
		{894FE6BA-51C8-4DA6-8AA4-7433CA4F70F2}.Release|Any CPU.Build.0 = Release|Any CPU
	EndGlobalSection
	GlobalSection(SolutionProperties) = preSolution
		HideSolutionNode = FALSE
	EndGlobalSection
	GlobalSection(ExtensibilityGlobals) = postSolution
		SolutionGuid = {9F7F6DA2-C834-4691-9726-62BF91BDAA83}
	EndGlobalSection
EndGlobal
